
Microsoft Visual Studio Solution File, Format Version 12.00
# Visual Studio Version 16
VisualStudioVersion = 16.0.32228.343
MinimumVisualStudioVersion = 10.0.40219.1
Project("{FAE04EC0-301F-11D3-BF4B-00C04F79EFBC}") = "MichalNajwerLab2", "MichalNajwerLab2\MichalNajwerLab2.csproj", "{65FBBCC2-AACD-4C4F-9F62-1DC3F22A34A9}"
EndProject
Global
	GlobalSection(SolutionConfigurationPlatforms) = preSolution
		Debug|Any CPU = Debug|Any CPU
		Release|Any CPU = Release|Any CPU
	EndGlobalSection
	GlobalSection(ProjectConfigurationPlatforms) = postSolution
		{65FBBCC2-AACD-4C4F-9F62-1DC3F22A34A9}.Debug|Any CPU.ActiveCfg = Debug|Any CPU
		{65FBBCC2-AACD-4C4F-9F62-1DC3F22A34A9}.Debug|Any CPU.Build.0 = Debug|Any CPU
		{65FBBCC2-AACD-4C4F-9F62-1DC3F22A34A9}.Release|Any CPU.ActiveCfg = Release|Any CPU
		{65FBBCC2-AACD-4C4F-9F62-1DC3F22A34A9}.Release|Any CPU.Build.0 = Release|Any CPU
	EndGlobalSection
	GlobalSection(SolutionProperties) = preSolution
		HideSolutionNode = FALSE
	EndGlobalSection
	GlobalSection(ExtensibilityGlobals) = postSolution
		SolutionGuid = {D371595E-3BAF-496C-9A66-404CAE60D80B}
	EndGlobalSection
EndGlobal
